<?xml version="1.0" encoding="utf-8"?>
<Project ToolsVersion="4.0" xmlns="http://schemas.microsoft.com/developer/msbuild/2003">
  <ItemGroup>
    <Filter Include="Source Files">
      <UniqueIdentifier>{b2fccf7f-b2a8-4b53-8f90-81e79bb6fd90}</UniqueIdentifier>
    </Filter>
    <Filter Include="Header Files">
      <UniqueIdentifier>{17096eb4-f8dd-4f7a-9593-2883c898606c}</UniqueIdentifier>
    </Filter>
    <Filter Include="Shaders">
      <UniqueIdentifier>{56de0138-a5a0-47c1-903d-b547860ded9d}</UniqueIdentifier>
    </Filter>
    <Filter Include="Source Files\ImGui">
      <UniqueIdentifier>{2740ac1c-57d7-4606-b884-ef2112ecebff}</UniqueIdentifier>
    </Filter>
    <Filter Include="Source Files\SoLoud">
      <UniqueIdentifier>{faf97f82-fef5-43ac-85d2-753213140b6e}</UniqueIdentifier>
    </Filter>
    <Filter Include="Source Files\MikkTSpace">
      <UniqueIdentifier>{a7ed4965-8cb3-42e0-975c-feec0fd06b13}</UniqueIdentifier>
    </Filter>
    <Filter Include="Scenes">
      <UniqueIdentifier>{ed0432b7-89e6-452f-aeb8-0f7905f04b2e}</UniqueIdentifier>
    </Filter>
  </ItemGroup>
  <ItemGroup>
    <ClCompile Include="main.cpp">
      <Filter>Source Files</Filter>
    </ClCompile>
    <ClCompile Include="VulkanContext.cpp">
      <Filter>Source Files</Filter>
    </ClCompile>
    <ClCompile Include="Swapchain.cpp">
      <Filter>Source Files</Filter>
    </ClCompile>
    <ClCompile Include="Pipeline.cpp">
      <Filter>Source Files</Filter>
    </ClCompile>
    <ClCompile Include="Commands.cpp">
      <Filter>Source Files</Filter>
    </ClCompile>
    <ClCompile Include="Sync.cpp">
      <Filter>Source Files</Filter>
    </ClCompile>
    <ClCompile Include="GPUBuffer.cpp">
      <Filter>Source Files</Filter>
    </ClCompile>
    <ClCompile Include="DescriptorManager.cpp">
      <Filter>Source Files</Filter>
    </ClCompile>
    <ClCompile Include="GPUImage.cpp">
      <Filter>Source Files</Filter>
    </ClCompile>
    <ClCompile Include="ImGuiOverlay.cpp">
      <Filter>Source Files</Filter>
    </ClCompile>
    <ClCompile Include="..\ThirdParty\ImGui\imgui.cpp">
      <Filter>Source Files\ImGui</Filter>
    </ClCompile>
    <ClCompile Include="..\ThirdParty\ImGui\imgui_draw.cpp">
      <Filter>Source Files\ImGui</Filter>
    </ClCompile>
    <ClCompile Include="..\ThirdParty\ImGui\imgui_impl_glfw.cpp">
      <Filter>Source Files\ImGui</Filter>
    </ClCompile>
    <ClCompile Include="..\ThirdParty\ImGui\imgui_impl_vulkan.cpp">
      <Filter>Source Files\ImGui</Filter>
    </ClCompile>
    <ClCompile Include="..\ThirdParty\ImGui\imgui_tables.cpp">
      <Filter>Source Files\ImGui</Filter>
    </ClCompile>
    <ClCompile Include="..\ThirdParty\ImGui\imgui_widgets.cpp">
      <Filter>Source Files\ImGui</Filter>
    </ClCompile>
    <ClCompile Include="Camera.cpp">
      <Filter>Source Files</Filter>
    </ClCompile>
    <ClCompile Include="..\ThirdParty\SoLoud\src\audiosource\wav\dr_impl.cpp">
      <Filter>Source Files\SoLoud</Filter>
    </ClCompile>
    <ClCompile Include="..\ThirdParty\SoLoud\src\core\soloud.cpp">
      <Filter>Source Files\SoLoud</Filter>
    </ClCompile>
    <ClCompile Include="..\ThirdParty\SoLoud\src\core\soloud_audiosource.cpp">
      <Filter>Source Files\SoLoud</Filter>
    </ClCompile>
    <ClCompile Include="..\ThirdParty\SoLoud\src\core\soloud_core_3d.cpp">
      <Filter>Source Files\SoLoud</Filter>
    </ClCompile>
    <ClCompile Include="..\ThirdParty\SoLoud\src\core\soloud_bus.cpp">
      <Filter>Source Files\SoLoud</Filter>
    </ClCompile>
    <ClCompile Include="..\ThirdParty\SoLoud\src\core\soloud_core_basicops.cpp">
      <Filter>Source Files\SoLoud</Filter>
    </ClCompile>
    <ClCompile Include="..\ThirdParty\SoLoud\src\core\soloud_core_faderops.cpp">
      <Filter>Source Files\SoLoud</Filter>
    </ClCompile>
    <ClCompile Include="..\ThirdParty\SoLoud\src\core\soloud_core_filterops.cpp">
      <Filter>Source Files\SoLoud</Filter>
    </ClCompile>
    <ClCompile Include="..\ThirdParty\SoLoud\src\core\soloud_core_getters.cpp">
      <Filter>Source Files\SoLoud</Filter>
    </ClCompile>
    <ClCompile Include="..\ThirdParty\SoLoud\src\core\soloud_core_setters.cpp">
      <Filter>Source Files\SoLoud</Filter>
    </ClCompile>
    <ClCompile Include="..\ThirdParty\SoLoud\src\core\soloud_core_voicegroup.cpp">
      <Filter>Source Files\SoLoud</Filter>
    </ClCompile>
    <ClCompile Include="..\ThirdParty\SoLoud\src\core\soloud_core_voiceops.cpp">
      <Filter>Source Files\SoLoud</Filter>
    </ClCompile>
    <ClCompile Include="..\ThirdParty\SoLoud\src\core\soloud_fader.cpp">
      <Filter>Source Files\SoLoud</Filter>
    </ClCompile>
    <ClCompile Include="..\ThirdParty\SoLoud\src\core\soloud_fft.cpp">
      <Filter>Source Files\SoLoud</Filter>
    </ClCompile>
    <ClCompile Include="..\ThirdParty\SoLoud\src\core\soloud_fft_lut.cpp">
      <Filter>Source Files\SoLoud</Filter>
    </ClCompile>
    <ClCompile Include="..\ThirdParty\SoLoud\src\core\soloud_file.cpp">
      <Filter>Source Files\SoLoud</Filter>
    </ClCompile>
    <ClCompile Include="..\ThirdParty\SoLoud\src\core\soloud_filter.cpp">
      <Filter>Source Files\SoLoud</Filter>
    </ClCompile>
    <ClCompile Include="..\ThirdParty\SoLoud\src\core\soloud_misc.cpp">
      <Filter>Source Files\SoLoud</Filter>
    </ClCompile>
    <ClCompile Include="..\ThirdParty\SoLoud\src\core\soloud_queue.cpp">
      <Filter>Source Files\SoLoud</Filter>
    </ClCompile>
    <ClCompile Include="..\ThirdParty\SoLoud\src\core\soloud_thread.cpp">
      <Filter>Source Files\SoLoud</Filter>
    </ClCompile>
    <ClCompile Include="..\ThirdParty\SoLoud\src\audiosource\wav\soloud_wav.cpp">
      <Filter>Source Files\SoLoud</Filter>
    </ClCompile>
    <ClCompile Include="..\ThirdParty\SoLoud\src\audiosource\wav\soloud_wavstream.cpp">
      <Filter>Source Files\SoLoud</Filter>
    </ClCompile>
    <ClCompile Include="..\ThirdParty\SoLoud\src\audiosource\wav\stb_vorbis.c">
      <Filter>Source Files\SoLoud</Filter>
    </ClCompile>
    <ClCompile Include="..\ThirdParty\MikkTSpace\mikktspace.c">
      <Filter>Source Files\MikkTSpace</Filter>
    </ClCompile>
    <ClCompile Include="TangentGen.cpp">
      <Filter>Source Files</Filter>
    </ClCompile>
    <ClCompile Include="ShadowCascades.cpp">
      <Filter>Source Files</Filter>
    </ClCompile>
    <ClCompile Include="..\Scenes\CSMDemo.hpp">
      <Filter>Scenes</Filter>
    </ClCompile>
    <ClCompile Include="..\Scenes\SponzaDemo.hpp">
      <Filter>Scenes</Filter>
    </ClCompile>
  </ItemGroup>
  <ItemGroup>
    <None Include="..\.gitignore">
      <Filter>Source Files</Filter>
    </None>
    <None Include="..\Shaders\shader.frag">
      <Filter>Shaders</Filter>
    </None>
    <None Include="..\README.md">
      <Filter>Source Files</Filter>
    </None>
    <None Include="..\Shaders\shader.vert">
      <Filter>Shaders</Filter>
    </None>
    <None Include="..\Shaders\skybox.frag">
      <Filter>Shaders</Filter>
    </None>
    <None Include="..\Shaders\skybox.vert">
      <Filter>Shaders</Filter>
    </None>
    <None Include="..\Shaders\debug.vert">
      <Filter>Shaders</Filter>
    </None>
    <None Include="..\Shaders\debug.frag">
      <Filter>Shaders</Filter>
    </None>
    <None Include="..\Shaders\shadow.vert">
      <Filter>Shaders</Filter>
    </None>
    <None Include="..\Shaders\shadow.frag">
      <Filter>Shaders</Filter>
    </None>
  </ItemGroup>
  <ItemGroup>
    <ClInclude Include="..\Include\VulkanContext.hpp">
      <Filter>Header Files</Filter>
    </ClInclude>
    <ClInclude Include="..\Include\Swapchain.hpp">
      <Filter>Header Files</Filter>
    </ClInclude>
    <ClInclude Include="..\Include\Pipeline.hpp">
      <Filter>Header Files</Filter>
    </ClInclude>
    <ClInclude Include="..\Include\Commands.hpp">
      <Filter>Header Files</Filter>
    </ClInclude>
    <ClInclude Include="..\Include\Sync.hpp">
      <Filter>Header Files</Filter>
    </ClInclude>
    <ClInclude Include="..\Include\Utils.hpp">
      <Filter>Header Files</Filter>
    </ClInclude>
    <ClInclude Include="..\Include\GPUBuffer.hpp">
      <Filter>Header Files</Filter>
    </ClInclude>
    <ClInclude Include="..\Include\Vertex.hpp">
      <Filter>Header Files</Filter>
    </ClInclude>
    <ClInclude Include="..\Include\DescriptorManager.hpp">
      <Filter>Header Files</Filter>
    </ClInclude>
    <ClInclude Include="..\Include\GPUImage.hpp">
      <Filter>Header Files</Filter>
    </ClInclude>
    <ClInclude Include="..\Include\ImGuiOverlay.hpp">
      <Filter>Header Files</Filter>
    </ClInclude>
    <ClInclude Include="..\Include\Camera.hpp">
      <Filter>Header Files</Filter>
    </ClInclude>
    <ClInclude Include="..\Include\Lights.hpp">
      <Filter>Header Files</Filter>
    </ClInclude>
    <ClInclude Include="..\Include\Frustum.hpp">
      <Filter>Header Files</Filter>
    </ClInclude>
    <ClInclude Include="..\Include\AABB.hpp">
      <Filter>Header Files</Filter>
    </ClInclude>
    <ClInclude Include="..\Include\DebugVertex.hpp">
      <Filter>Header Files</Filter>
    </ClInclude>
    <ClInclude Include="..\Include\TangentGen.hpp">
      <Filter>Header Files</Filter>
    </ClInclude>
    <ClInclude Include="..\Include\ShadowCascades.hpp">
      <Filter>Header Files</Filter>
    </ClInclude>
    <ClInclude Include="..\Scenes\Outdoors.hpp">
      <Filter>Scenes</Filter>
    </ClInclude>
  </ItemGroup>
</Project>